# Generated by pub
# See http://pub.dartlang.org/doc/glossary.html#lockfile
packages:
  atom:
    description:
      path: "C:\\Users\\Austin\\Workspace\\atom.dart"
      relative: false
    source: path
    version: "1.0.0-v0.190.0"
  barback:
    description: barback
    source: hosted
    version: "0.15.2+4"
  collection:
    description: collection
    source: hosted
    version: "1.1.0"
  crypto:
    description: crypto
    source: hosted
    version: "0.9.0"
  logging:
    description: logging
    source: hosted
    version: "0.10.0"
  path:
    description: path
    source: hosted
    version: "1.3.5"
  pool:
    description: pool
    source: hosted
    version: "1.0.1"
  source_span:
    description: source_span
    source: hosted
    version: "1.1.2"
  stack_trace:
    description: stack_trace
    source: hosted
    version: "1.3.2"
