# Generated by pub
# See http://pub.dartlang.org/doc/glossary.html#lockfile
packages:
  atom:
    description:
      ref: null
      resolved-ref: "03f5ed92c5035881e1fc0f57e0ca043d1514293f"
      url: "https://github.com/DirectMyFile/atom.dart.git"
    source: git
    version: "1.0.0-v0.189.0"
  crypto:
    description: crypto
    source: hosted
    version: "0.9.0"
