# Generated by pub
# See http://pub.dartlang.org/doc/glossary.html#lockfile
packages:
  atom:
    description:
      ref: null
      resolved-ref: "7b9e72b20310153436ec52fe7f082c6644e28da0"
      url: "https://github.com/austincummings/atom.dart.git"
    source: git
    version: "1.0.0-v0.190.0"
  crypto:
    description: crypto
    source: hosted
    version: "0.9.0"
  logging:
    description: logging
    source: hosted
    version: "0.10.0"
